{
  "name": "@gabrielgrijalva/crypto-reporters",
  "version": "1.0.0",
  "lockfileVersion": 2,
  "requires": true,
  "packages": {
    "": {
      "name": "@gabrielgrijalva/crypto-reporters",
      "version": "1.0.0",
      "license": "ISC",
      "dependencies": {
        "@gabrielgrijalva/rest-request": "^1.0.0"
      }
    },
    "node_modules/@gabrielgrijalva/rest-request": {
      "version": "1.0.0",
      "resolved": "https://registry.npmjs.org/@gabrielgrijalva/rest-request/-/rest-request-1.0.0.tgz",
      "integrity": "sha512-t8W2BvGtAxSwwtCsjzCttWYykwoiU/dzVVhNd/yFi/zGSVejjQ74sA0g3GZb8XTfJZUniM6KTJz/FMZBLFQNRA=="
    }
  },
  "dependencies": {
    "@gabrielgrijalva/rest-request": {
      "version": "1.0.0",
      "resolved": "https://registry.npmjs.org/@gabrielgrijalva/rest-request/-/rest-request-1.0.0.tgz",
      "integrity": "sha512-t8W2BvGtAxSwwtCsjzCttWYykwoiU/dzVVhNd/yFi/zGSVejjQ74sA0g3GZb8XTfJZUniM6KTJz/FMZBLFQNRA=="
    }
  }
}
